
Microsoft Visual Studio Solution File, Format Version 12.00
# Visual Studio 14
VisualStudioVersion = 14.0.25123.0
MinimumVisualStudioVersion = 10.0.40219.1
Project("{FAE04EC0-301F-11D3-BF4B-00C04F79EFBC}") = "GestComp", "GestComp\GestComp.csproj", "{94B1FADB-84D6-4E0C-A0F1-B5EAEFBCD957}"
EndProject
Project("{FAE04EC0-301F-11D3-BF4B-00C04F79EFBC}") = "GestComp.Services.Interaces", "GestComp.Services.Interaces\GestComp.Services.Interaces.csproj", "{A5F5CA7B-17E6-46AB-9574-70C7EDF39C2C}"
EndProject
Project("{FAE04EC0-301F-11D3-BF4B-00C04F79EFBC}") = "GestComp.Services", "GestComp.Services\GestComp.Services.csproj", "{AFEDEDE9-C63E-41BA-973E-8C7739D676F8}"
EndProject
Project("{FAE04EC0-301F-11D3-BF4B-00C04F79EFBC}") = "GestComp.Repositories.Interfaces", "GestComp.Repositories.Interfaces\GestComp.Repositories.Interfaces.csproj", "{A15ED6EB-265C-48CE-9C30-29E40BEE3262}"
EndProject
Project("{FAE04EC0-301F-11D3-BF4B-00C04F79EFBC}") = "GestComp.Repositories", "GestComp.Repositories\GestComp.Repositories.csproj", "{C0248349-EFFB-43FE-943F-AAE435470EA1}"
EndProject
Project("{FAE04EC0-301F-11D3-BF4B-00C04F79EFBC}") = "GestComp.Design.Service", "GestComp.Design.Service\GestComp.Design.Service.csproj", "{C7762893-7E09-496D-8B78-AD7F3F7BE05D}"
EndProject
Global
	GlobalSection(SolutionConfigurationPlatforms) = preSolution
		Debug|Any CPU = Debug|Any CPU
		Debug|ARM = Debug|ARM
		Debug|x64 = Debug|x64
		Debug|x86 = Debug|x86
		Release|Any CPU = Release|Any CPU
		Release|ARM = Release|ARM
		Release|x64 = Release|x64
		Release|x86 = Release|x86
	EndGlobalSection
	GlobalSection(ProjectConfigurationPlatforms) = postSolution
		{94B1FADB-84D6-4E0C-A0F1-B5EAEFBCD957}.Debug|Any CPU.ActiveCfg = Debug|x86
		{94B1FADB-84D6-4E0C-A0F1-B5EAEFBCD957}.Debug|ARM.ActiveCfg = Debug|ARM
		{94B1FADB-84D6-4E0C-A0F1-B5EAEFBCD957}.Debug|ARM.Build.0 = Debug|ARM
		{94B1FADB-84D6-4E0C-A0F1-B5EAEFBCD957}.Debug|ARM.Deploy.0 = Debug|ARM
		{94B1FADB-84D6-4E0C-A0F1-B5EAEFBCD957}.Debug|x64.ActiveCfg = Debug|x64
		{94B1FADB-84D6-4E0C-A0F1-B5EAEFBCD957}.Debug|x64.Build.0 = Debug|x64
		{94B1FADB-84D6-4E0C-A0F1-B5EAEFBCD957}.Debug|x64.Deploy.0 = Debug|x64
		{94B1FADB-84D6-4E0C-A0F1-B5EAEFBCD957}.Debug|x86.ActiveCfg = Debug|x86
		{94B1FADB-84D6-4E0C-A0F1-B5EAEFBCD957}.Debug|x86.Build.0 = Debug|x86
		{94B1FADB-84D6-4E0C-A0F1-B5EAEFBCD957}.Debug|x86.Deploy.0 = Debug|x86
		{94B1FADB-84D6-4E0C-A0F1-B5EAEFBCD957}.Release|Any CPU.ActiveCfg = Release|x86
		{94B1FADB-84D6-4E0C-A0F1-B5EAEFBCD957}.Release|ARM.ActiveCfg = Release|ARM
		{94B1FADB-84D6-4E0C-A0F1-B5EAEFBCD957}.Release|ARM.Build.0 = Release|ARM
		{94B1FADB-84D6-4E0C-A0F1-B5EAEFBCD957}.Release|ARM.Deploy.0 = Release|ARM
		{94B1FADB-84D6-4E0C-A0F1-B5EAEFBCD957}.Release|x64.ActiveCfg = Release|x64
		{94B1FADB-84D6-4E0C-A0F1-B5EAEFBCD957}.Release|x64.Build.0 = Release|x64
		{94B1FADB-84D6-4E0C-A0F1-B5EAEFBCD957}.Release|x64.Deploy.0 = Release|x64
		{94B1FADB-84D6-4E0C-A0F1-B5EAEFBCD957}.Release|x86.ActiveCfg = Release|x86
		{94B1FADB-84D6-4E0C-A0F1-B5EAEFBCD957}.Release|x86.Build.0 = Release|x86
		{94B1FADB-84D6-4E0C-A0F1-B5EAEFBCD957}.Release|x86.Deploy.0 = Release|x86
		{A5F5CA7B-17E6-46AB-9574-70C7EDF39C2C}.Debug|Any CPU.ActiveCfg = Debug|Any CPU
		{A5F5CA7B-17E6-46AB-9574-70C7EDF39C2C}.Debug|Any CPU.Build.0 = Debug|Any CPU
		{A5F5CA7B-17E6-46AB-9574-70C7EDF39C2C}.Debug|ARM.ActiveCfg = Debug|ARM
		{A5F5CA7B-17E6-46AB-9574-70C7EDF39C2C}.Debug|ARM.Build.0 = Debug|ARM
		{A5F5CA7B-17E6-46AB-9574-70C7EDF39C2C}.Debug|x64.ActiveCfg = Debug|x64
		{A5F5CA7B-17E6-46AB-9574-70C7EDF39C2C}.Debug|x64.Build.0 = Debug|x64
		{A5F5CA7B-17E6-46AB-9574-70C7EDF39C2C}.Debug|x86.ActiveCfg = Debug|x86
		{A5F5CA7B-17E6-46AB-9574-70C7EDF39C2C}.Debug|x86.Build.0 = Debug|x86
		{A5F5CA7B-17E6-46AB-9574-70C7EDF39C2C}.Release|Any CPU.ActiveCfg = Release|Any CPU
		{A5F5CA7B-17E6-46AB-9574-70C7EDF39C2C}.Release|Any CPU.Build.0 = Release|Any CPU
		{A5F5CA7B-17E6-46AB-9574-70C7EDF39C2C}.Release|ARM.ActiveCfg = Release|ARM
		{A5F5CA7B-17E6-46AB-9574-70C7EDF39C2C}.Release|ARM.Build.0 = Release|ARM
		{A5F5CA7B-17E6-46AB-9574-70C7EDF39C2C}.Release|x64.ActiveCfg = Release|x64
		{A5F5CA7B-17E6-46AB-9574-70C7EDF39C2C}.Release|x64.Build.0 = Release|x64
		{A5F5CA7B-17E6-46AB-9574-70C7EDF39C2C}.Release|x86.ActiveCfg = Release|x86
		{A5F5CA7B-17E6-46AB-9574-70C7EDF39C2C}.Release|x86.Build.0 = Release|x86
		{AFEDEDE9-C63E-41BA-973E-8C7739D676F8}.Debug|Any CPU.ActiveCfg = Debug|Any CPU
		{AFEDEDE9-C63E-41BA-973E-8C7739D676F8}.Debug|Any CPU.Build.0 = Debug|Any CPU
		{AFEDEDE9-C63E-41BA-973E-8C7739D676F8}.Debug|ARM.ActiveCfg = Debug|ARM
		{AFEDEDE9-C63E-41BA-973E-8C7739D676F8}.Debug|ARM.Build.0 = Debug|ARM
		{AFEDEDE9-C63E-41BA-973E-8C7739D676F8}.Debug|x64.ActiveCfg = Debug|x64
		{AFEDEDE9-C63E-41BA-973E-8C7739D676F8}.Debug|x64.Build.0 = Debug|x64
		{AFEDEDE9-C63E-41BA-973E-8C7739D676F8}.Debug|x86.ActiveCfg = Debug|x86
		{AFEDEDE9-C63E-41BA-973E-8C7739D676F8}.Debug|x86.Build.0 = Debug|x86
		{AFEDEDE9-C63E-41BA-973E-8C7739D676F8}.Release|Any CPU.ActiveCfg = Release|Any CPU
		{AFEDEDE9-C63E-41BA-973E-8C7739D676F8}.Release|Any CPU.Build.0 = Release|Any CPU
		{AFEDEDE9-C63E-41BA-973E-8C7739D676F8}.Release|ARM.ActiveCfg = Release|ARM
		{AFEDEDE9-C63E-41BA-973E-8C7739D676F8}.Release|ARM.Build.0 = Release|ARM
		{AFEDEDE9-C63E-41BA-973E-8C7739D676F8}.Release|x64.ActiveCfg = Release|x64
		{AFEDEDE9-C63E-41BA-973E-8C7739D676F8}.Release|x64.Build.0 = Release|x64
		{AFEDEDE9-C63E-41BA-973E-8C7739D676F8}.Release|x86.ActiveCfg = Release|x86
		{AFEDEDE9-C63E-41BA-973E-8C7739D676F8}.Release|x86.Build.0 = Release|x86
		{A15ED6EB-265C-48CE-9C30-29E40BEE3262}.Debug|Any CPU.ActiveCfg = Debug|Any CPU
		{A15ED6EB-265C-48CE-9C30-29E40BEE3262}.Debug|Any CPU.Build.0 = Debug|Any CPU
		{A15ED6EB-265C-48CE-9C30-29E40BEE3262}.Debug|ARM.ActiveCfg = Debug|ARM
		{A15ED6EB-265C-48CE-9C30-29E40BEE3262}.Debug|ARM.Build.0 = Debug|ARM
		{A15ED6EB-265C-48CE-9C30-29E40BEE3262}.Debug|x64.ActiveCfg = Debug|x64
		{A15ED6EB-265C-48CE-9C30-29E40BEE3262}.Debug|x64.Build.0 = Debug|x64
		{A15ED6EB-265C-48CE-9C30-29E40BEE3262}.Debug|x86.ActiveCfg = Debug|x86
		{A15ED6EB-265C-48CE-9C30-29E40BEE3262}.Debug|x86.Build.0 = Debug|x86
		{A15ED6EB-265C-48CE-9C30-29E40BEE3262}.Release|Any CPU.ActiveCfg = Release|Any CPU
		{A15ED6EB-265C-48CE-9C30-29E40BEE3262}.Release|Any CPU.Build.0 = Release|Any CPU
		{A15ED6EB-265C-48CE-9C30-29E40BEE3262}.Release|ARM.ActiveCfg = Release|ARM
		{A15ED6EB-265C-48CE-9C30-29E40BEE3262}.Release|ARM.Build.0 = Release|ARM
		{A15ED6EB-265C-48CE-9C30-29E40BEE3262}.Release|x64.ActiveCfg = Release|x64
		{A15ED6EB-265C-48CE-9C30-29E40BEE3262}.Release|x64.Build.0 = Release|x64
		{A15ED6EB-265C-48CE-9C30-29E40BEE3262}.Release|x86.ActiveCfg = Release|x86
		{A15ED6EB-265C-48CE-9C30-29E40BEE3262}.Release|x86.Build.0 = Release|x86
		{C0248349-EFFB-43FE-943F-AAE435470EA1}.Debug|Any CPU.ActiveCfg = Debug|Any CPU
		{C0248349-EFFB-43FE-943F-AAE435470EA1}.Debug|Any CPU.Build.0 = Debug|Any CPU
		{C0248349-EFFB-43FE-943F-AAE435470EA1}.Debug|ARM.ActiveCfg = Debug|ARM
		{C0248349-EFFB-43FE-943F-AAE435470EA1}.Debug|ARM.Build.0 = Debug|ARM
		{C0248349-EFFB-43FE-943F-AAE435470EA1}.Debug|x64.ActiveCfg = Debug|x64
		{C0248349-EFFB-43FE-943F-AAE435470EA1}.Debug|x64.Build.0 = Debug|x64
		{C0248349-EFFB-43FE-943F-AAE435470EA1}.Debug|x86.ActiveCfg = Debug|x86
		{C0248349-EFFB-43FE-943F-AAE435470EA1}.Debug|x86.Build.0 = Debug|x86
		{C0248349-EFFB-43FE-943F-AAE435470EA1}.Release|Any CPU.ActiveCfg = Release|Any CPU
		{C0248349-EFFB-43FE-943F-AAE435470EA1}.Release|Any CPU.Build.0 = Release|Any CPU
		{C0248349-EFFB-43FE-943F-AAE435470EA1}.Release|ARM.ActiveCfg = Release|ARM
		{C0248349-EFFB-43FE-943F-AAE435470EA1}.Release|ARM.Build.0 = Release|ARM
		{C0248349-EFFB-43FE-943F-AAE435470EA1}.Release|x64.ActiveCfg = Release|x64
		{C0248349-EFFB-43FE-943F-AAE435470EA1}.Release|x64.Build.0 = Release|x64
		{C0248349-EFFB-43FE-943F-AAE435470EA1}.Release|x86.ActiveCfg = Release|x86
		{C0248349-EFFB-43FE-943F-AAE435470EA1}.Release|x86.Build.0 = Release|x86
		{C7762893-7E09-496D-8B78-AD7F3F7BE05D}.Debug|Any CPU.ActiveCfg = Debug|Any CPU
		{C7762893-7E09-496D-8B78-AD7F3F7BE05D}.Debug|Any CPU.Build.0 = Debug|Any CPU
		{C7762893-7E09-496D-8B78-AD7F3F7BE05D}.Debug|ARM.ActiveCfg = Debug|ARM
		{C7762893-7E09-496D-8B78-AD7F3F7BE05D}.Debug|ARM.Build.0 = Debug|ARM
		{C7762893-7E09-496D-8B78-AD7F3F7BE05D}.Debug|x64.ActiveCfg = Debug|x64
		{C7762893-7E09-496D-8B78-AD7F3F7BE05D}.Debug|x64.Build.0 = Debug|x64
		{C7762893-7E09-496D-8B78-AD7F3F7BE05D}.Debug|x86.ActiveCfg = Debug|x86
		{C7762893-7E09-496D-8B78-AD7F3F7BE05D}.Debug|x86.Build.0 = Debug|x86
		{C7762893-7E09-496D-8B78-AD7F3F7BE05D}.Release|Any CPU.ActiveCfg = Release|Any CPU
		{C7762893-7E09-496D-8B78-AD7F3F7BE05D}.Release|Any CPU.Build.0 = Release|Any CPU
		{C7762893-7E09-496D-8B78-AD7F3F7BE05D}.Release|ARM.ActiveCfg = Release|ARM
		{C7762893-7E09-496D-8B78-AD7F3F7BE05D}.Release|ARM.Build.0 = Release|ARM
		{C7762893-7E09-496D-8B78-AD7F3F7BE05D}.Release|x64.ActiveCfg = Release|x64
		{C7762893-7E09-496D-8B78-AD7F3F7BE05D}.Release|x64.Build.0 = Release|x64
		{C7762893-7E09-496D-8B78-AD7F3F7BE05D}.Release|x86.ActiveCfg = Release|x86
		{C7762893-7E09-496D-8B78-AD7F3F7BE05D}.Release|x86.Build.0 = Release|x86
	EndGlobalSection
	GlobalSection(SolutionProperties) = preSolution
		HideSolutionNode = FALSE
	EndGlobalSection
EndGlobal
